
Microsoft Visual Studio Solution File, Format Version 12.00
# Visual Studio Version 16
VisualStudioVersion = 16.0.29926.136
MinimumVisualStudioVersion = 10.0.40219.1
Project("{FAE04EC0-301F-11D3-BF4B-00C04F79EFBC}") = "FileRename", "FileRename\FileRename.csproj", "{EB788C75-A16E-4B69-8E1A-1A11D1FE40D0}"
EndProject
Global
	GlobalSection(SolutionConfigurationPlatforms) = preSolution
		Debug|Any CPU = Debug|Any CPU
		Release|Any CPU = Release|Any CPU
	EndGlobalSection
	GlobalSection(ProjectConfigurationPlatforms) = postSolution
		{EB788C75-A16E-4B69-8E1A-1A11D1FE40D0}.Debug|Any CPU.ActiveCfg = Debug|Any CPU
		{EB788C75-A16E-4B69-8E1A-1A11D1FE40D0}.Debug|Any CPU.Build.0 = Debug|Any CPU
		{EB788C75-A16E-4B69-8E1A-1A11D1FE40D0}.Release|Any CPU.ActiveCfg = Release|Any CPU
		{EB788C75-A16E-4B69-8E1A-1A11D1FE40D0}.Release|Any CPU.Build.0 = Release|Any CPU
	EndGlobalSection
	GlobalSection(SolutionProperties) = preSolution
		HideSolutionNode = FALSE
	EndGlobalSection
	GlobalSection(ExtensibilityGlobals) = postSolution
		SolutionGuid = {96463F6F-10CD-4D00-A0F7-2C5E763F40C3}
	EndGlobalSection
EndGlobal
